// !$*UTF8*$!
{
	archiveVersion = 1;
	classes = {
	};
	objectVersion = 46;
	objects = {

/* Begin PBXBuildFile section */
		DD083B1C1DBD82B600962CC9 /* Alamofire.framework in Frameworks */ = {isa = PBXBuildFile; fileRef = DD87A6C41DBD81A50098F4F0 /* Alamofire.framework */; };
		DD083B1D1DBD82B600962CC9 /* Alamofire.framework in Embed Frameworks */ = {isa = PBXBuildFile; fileRef = DD87A6C41DBD81A50098F4F0 /* Alamofire.framework */; settings = {ATTRIBUTES = (CodeSignOnCopy, RemoveHeadersOnCopy, ); }; };
		DD2FA70F1DBEE9F700C83E7B /* HttpStack.swift in Sources */ = {isa = PBXBuildFile; fileRef = DD2FA70E1DBEE9F700C83E7B /* HttpStack.swift */; };
		DD2FA7121DBEECC400C83E7B /* User.swift in Sources */ = {isa = PBXBuildFile; fileRef = DD2FA7111DBEECC400C83E7B /* User.swift */; };
		DD85CBBA1DADA67B00C42E11 /* AppDelegate.swift in Sources */ = {isa = PBXBuildFile; fileRef = DD85CBB91DADA67B00C42E11 /* AppDelegate.swift */; };
		DD85CBBC1DADA67B00C42E11 /* ViewController.swift in Sources */ = {isa = PBXBuildFile; fileRef = DD85CBBB1DADA67B00C42E11 /* ViewController.swift */; };
		DD85CBBF1DADA67B00C42E11 /* Main.storyboard in Resources */ = {isa = PBXBuildFile; fileRef = DD85CBBD1DADA67B00C42E11 /* Main.storyboard */; };
		DD85CBC11DADA67B00C42E11 /* Assets.xcassets in Resources */ = {isa = PBXBuildFile; fileRef = DD85CBC01DADA67B00C42E11 /* Assets.xcassets */; };
		DD85CBC41DADA67B00C42E11 /* LaunchScreen.storyboard in Resources */ = {isa = PBXBuildFile; fileRef = DD85CBC21DADA67B00C42E11 /* LaunchScreen.storyboard */; };
		DD85CBCF1DADA67B00C42E11 /* GitHubViewerTests.swift in Sources */ = {isa = PBXBuildFile; fileRef = DD85CBCE1DADA67B00C42E11 /* GitHubViewerTests.swift */; };
		DD85CBDA1DADBAE400C42E11 /* UserViewController.swift in Sources */ = {isa = PBXBuildFile; fileRef = DD85CBD91DADBAE400C42E11 /* UserViewController.swift */; };
/* End PBXBuildFile section */

/* Begin PBXContainerItemProxy section */
		DD083B1E1DBD82B600962CC9 /* PBXContainerItemProxy */ = {
			isa = PBXContainerItemProxy;
			containerPortal = DD87A6B81DBD81A50098F4F0 /* Alamofire.xcodeproj */;
			proxyType = 1;
			remoteGlobalIDString = F8111E3219A95C8B0040E7D1;
			remoteInfo = "Alamofire iOS";
		};
		DD85CBCB1DADA67B00C42E11 /* PBXContainerItemProxy */ = {
			isa = PBXContainerItemProxy;
			containerPortal = DD85CBAE1DADA67B00C42E11 /* Project object */;
			proxyType = 1;
			remoteGlobalIDString = DD85CBB51DADA67B00C42E11;
			remoteInfo = GitHubViewer;
		};
		DD87A6C31DBD81A50098F4F0 /* PBXContainerItemProxy */ = {
			isa = PBXContainerItemProxy;
			containerPortal = DD87A6B81DBD81A50098F4F0 /* Alamofire.xcodeproj */;
			proxyType = 2;
			remoteGlobalIDString = F8111E3319A95C8B0040E7D1;
			remoteInfo = "Alamofire iOS";
		};
		DD87A6C51DBD81A50098F4F0 /* PBXContainerItemProxy */ = {
			isa = PBXContainerItemProxy;
			containerPortal = DD87A6B81DBD81A50098F4F0 /* Alamofire.xcodeproj */;
			proxyType = 2;
			remoteGlobalIDString = F8111E3E19A95C8B0040E7D1;
			remoteInfo = "Alamofire iOS Tests";
		};
		DD87A6C71DBD81A50098F4F0 /* PBXContainerItemProxy */ = {
			isa = PBXContainerItemProxy;
			containerPortal = DD87A6B81DBD81A50098F4F0 /* Alamofire.xcodeproj */;
			proxyType = 2;
			remoteGlobalIDString = 4DD67C0B1A5C55C900ED2280;
			remoteInfo = "Alamofire macOS";
		};
		DD87A6C91DBD81A50098F4F0 /* PBXContainerItemProxy */ = {
			isa = PBXContainerItemProxy;
			containerPortal = DD87A6B81DBD81A50098F4F0 /* Alamofire.xcodeproj */;
			proxyType = 2;
			remoteGlobalIDString = F829C6B21A7A94F100A2CD59;
			remoteInfo = "Alamofire macOS Tests";
		};
		DD87A6CB1DBD81A50098F4F0 /* PBXContainerItemProxy */ = {
			isa = PBXContainerItemProxy;
			containerPortal = DD87A6B81DBD81A50098F4F0 /* Alamofire.xcodeproj */;
			proxyType = 2;
			remoteGlobalIDString = 4CF626EF1BA7CB3E0011A099;
			remoteInfo = "Alamofire tvOS";
		};
		DD87A6CD1DBD81A50098F4F0 /* PBXContainerItemProxy */ = {
			isa = PBXContainerItemProxy;
			containerPortal = DD87A6B81DBD81A50098F4F0 /* Alamofire.xcodeproj */;
			proxyType = 2;
			remoteGlobalIDString = 4CF626F81BA7CB3E0011A099;
			remoteInfo = "Alamofire tvOS Tests";
		};
		DD87A6CF1DBD81A50098F4F0 /* PBXContainerItemProxy */ = {
			isa = PBXContainerItemProxy;
			containerPortal = DD87A6B81DBD81A50098F4F0 /* Alamofire.xcodeproj */;
			proxyType = 2;
			remoteGlobalIDString = E4202FE01B667AA100C997FB;
			remoteInfo = "Alamofire watchOS";
		};
/* End PBXContainerItemProxy section */

/* Begin PBXCopyFilesBuildPhase section */
		DD083B201DBD82B600962CC9 /* Embed Frameworks */ = {
			isa = PBXCopyFilesBuildPhase;
			buildActionMask = 2147483647;
			dstPath = "";
			dstSubfolderSpec = 10;
			files = (
				DD083B1D1DBD82B600962CC9 /* Alamofire.framework in Embed Frameworks */,
			);
			name = "Embed Frameworks";
			runOnlyForDeploymentPostprocessing = 0;
		};
/* End PBXCopyFilesBuildPhase section */

/* Begin PBXFileReference section */
		DD2FA70E1DBEE9F700C83E7B /* HttpStack.swift */ = {isa = PBXFileReference; fileEncoding = 4; lastKnownFileType = sourcecode.swift; path = HttpStack.swift; sourceTree = "<group>"; };
		DD2FA7111DBEECC400C83E7B /* User.swift */ = {isa = PBXFileReference; fileEncoding = 4; lastKnownFileType = sourcecode.swift; path = User.swift; sourceTree = "<group>"; };
		DD85CBB61DADA67B00C42E11 /* GitHubViewer.app */ = {isa = PBXFileReference; explicitFileType = wrapper.application; includeInIndex = 0; path = GitHubViewer.app; sourceTree = BUILT_PRODUCTS_DIR; };
		DD85CBB91DADA67B00C42E11 /* AppDelegate.swift */ = {isa = PBXFileReference; lastKnownFileType = sourcecode.swift; path = AppDelegate.swift; sourceTree = "<group>"; };
		DD85CBBB1DADA67B00C42E11 /* ViewController.swift */ = {isa = PBXFileReference; lastKnownFileType = sourcecode.swift; path = ViewController.swift; sourceTree = "<group>"; };
		DD85CBBE1DADA67B00C42E11 /* Base */ = {isa = PBXFileReference; lastKnownFileType = file.storyboard; name = Base; path = Base.lproj/Main.storyboard; sourceTree = "<group>"; };
		DD85CBC01DADA67B00C42E11 /* Assets.xcassets */ = {isa = PBXFileReference; lastKnownFileType = folder.assetcatalog; path = Assets.xcassets; sourceTree = "<group>"; };
		DD85CBC31DADA67B00C42E11 /* Base */ = {isa = PBXFileReference; lastKnownFileType = file.storyboard; name = Base; path = Base.lproj/LaunchScreen.storyboard; sourceTree = "<group>"; };
		DD85CBC51DADA67B00C42E11 /* Info.plist */ = {isa = PBXFileReference; lastKnownFileType = text.plist.xml; path = Info.plist; sourceTree = "<group>"; };
		DD85CBCA1DADA67B00C42E11 /* GitHubViewerTests.xctest */ = {isa = PBXFileReference; explicitFileType = wrapper.cfbundle; includeInIndex = 0; path = GitHubViewerTests.xctest; sourceTree = BUILT_PRODUCTS_DIR; };
		DD85CBCE1DADA67B00C42E11 /* GitHubViewerTests.swift */ = {isa = PBXFileReference; lastKnownFileType = sourcecode.swift; path = GitHubViewerTests.swift; sourceTree = "<group>"; };
		DD85CBD01DADA67B00C42E11 /* Info.plist */ = {isa = PBXFileReference; lastKnownFileType = text.plist.xml; path = Info.plist; sourceTree = "<group>"; };
		DD85CBD91DADBAE400C42E11 /* UserViewController.swift */ = {isa = PBXFileReference; fileEncoding = 4; lastKnownFileType = sourcecode.swift; path = UserViewController.swift; sourceTree = "<group>"; };
		DD87A6B81DBD81A50098F4F0 /* Alamofire.xcodeproj */ = {isa = PBXFileReference; lastKnownFileType = "wrapper.pb-project"; name = Alamofire.xcodeproj; path = Alamofire/Alamofire.xcodeproj; sourceTree = "<group>"; };
/* End PBXFileReference section */

/* Begin PBXFrameworksBuildPhase section */
		DD85CBB31DADA67B00C42E11 /* Frameworks */ = {
			isa = PBXFrameworksBuildPhase;
			buildActionMask = 2147483647;
			files = (
				DD083B1C1DBD82B600962CC9 /* Alamofire.framework in Frameworks */,
			);
			runOnlyForDeploymentPostprocessing = 0;
		};
		DD85CBC71DADA67B00C42E11 /* Frameworks */ = {
			isa = PBXFrameworksBuildPhase;
			buildActionMask = 2147483647;
			files = (
			);
			runOnlyForDeploymentPostprocessing = 0;
		};
/* End PBXFrameworksBuildPhase section */

/* Begin PBXGroup section */
		DD2FA7061DBEE9BB00C83E7B /* Network */ = {
			isa = PBXGroup;
			children = (
				DD2FA70E1DBEE9F700C83E7B /* HttpStack.swift */,
			);
			name = Network;
			sourceTree = "<group>";
		};
		DD2FA7101DBEECB600C83E7B /* Model */ = {
			isa = PBXGroup;
			children = (
				DD2FA7111DBEECC400C83E7B /* User.swift */,
			);
			name = Model;
			sourceTree = "<group>";
		};
		DD85CBAD1DADA67B00C42E11 = {
			isa = PBXGroup;
			children = (
				DD87A6B81DBD81A50098F4F0 /* Alamofire.xcodeproj */,
				DD85CBB81DADA67B00C42E11 /* GitHubViewer */,
				DD85CBCD1DADA67B00C42E11 /* GitHubViewerTests */,
				DD85CBB71DADA67B00C42E11 /* Products */,
			);
			sourceTree = "<group>";
		};
		DD85CBB71DADA67B00C42E11 /* Products */ = {
			isa = PBXGroup;
			children = (
				DD85CBB61DADA67B00C42E11 /* GitHubViewer.app */,
				DD85CBCA1DADA67B00C42E11 /* GitHubViewerTests.xctest */,
			);
			name = Products;
			sourceTree = "<group>";
		};
		DD85CBB81DADA67B00C42E11 /* GitHubViewer */ = {
			isa = PBXGroup;
			children = (
				DD2FA7101DBEECB600C83E7B /* Model */,
				DD2FA7061DBEE9BB00C83E7B /* Network */,
				DDCD44B11DBD623E00497F78 /* ViewControllers */,
				DD85CBB91DADA67B00C42E11 /* AppDelegate.swift */,
				DD85CBBD1DADA67B00C42E11 /* Main.storyboard */,
				DD85CBC01DADA67B00C42E11 /* Assets.xcassets */,
				DD85CBC21DADA67B00C42E11 /* LaunchScreen.storyboard */,
				DD85CBC51DADA67B00C42E11 /* Info.plist */,
			);
			path = GitHubViewer;
			sourceTree = "<group>";
		};
		DD85CBCD1DADA67B00C42E11 /* GitHubViewerTests */ = {
			isa = PBXGroup;
			children = (
				DD85CBCE1DADA67B00C42E11 /* GitHubViewerTests.swift */,
				DD85CBD01DADA67B00C42E11 /* Info.plist */,
			);
			path = GitHubViewerTests;
			sourceTree = "<group>";
		};
		DD87A6B91DBD81A50098F4F0 /* Products */ = {
			isa = PBXGroup;
			children = (
				DD87A6C41DBD81A50098F4F0 /* Alamofire.framework */,
				DD87A6C61DBD81A50098F4F0 /* Alamofire iOS Tests.xctest */,
				DD87A6C81DBD81A50098F4F0 /* Alamofire.framework */,
				DD87A6CA1DBD81A50098F4F0 /* Alamofire macOS Tests.xctest */,
				DD87A6CC1DBD81A50098F4F0 /* Alamofire.framework */,
				DD87A6CE1DBD81A50098F4F0 /* Alamofire tvOS Tests.xctest */,
				DD87A6D01DBD81A50098F4F0 /* Alamofire.framework */,
			);
			name = Products;
			sourceTree = "<group>";
		};
		DDCD44B11DBD623E00497F78 /* ViewControllers */ = {
			isa = PBXGroup;
			children = (
				DD85CBBB1DADA67B00C42E11 /* ViewController.swift */,
				DD85CBD91DADBAE400C42E11 /* UserViewController.swift */,
			);
			name = ViewControllers;
			sourceTree = "<group>";
		};
/* End PBXGroup section */

/* Begin PBXNativeTarget section */
		DD85CBB51DADA67B00C42E11 /* GitHubViewer */ = {
			isa = PBXNativeTarget;
			buildConfigurationList = DD85CBD31DADA67B00C42E11 /* Build configuration list for PBXNativeTarget "GitHubViewer" */;
			buildPhases = (
				DD85CBB21DADA67B00C42E11 /* Sources */,
				DD85CBB31DADA67B00C42E11 /* Frameworks */,
				DD85CBB41DADA67B00C42E11 /* Resources */,
				DD083B201DBD82B600962CC9 /* Embed Frameworks */,
			);
			buildRules = (
			);
			dependencies = (
				DD083B1F1DBD82B600962CC9 /* PBXTargetDependency */,
			);
			name = GitHubViewer;
			productName = GitHubViewer;
			productReference = DD85CBB61DADA67B00C42E11 /* GitHubViewer.app */;
			productType = "com.apple.product-type.application";
		};
		DD85CBC91DADA67B00C42E11 /* GitHubViewerTests */ = {
			isa = PBXNativeTarget;
			buildConfigurationList = DD85CBD61DADA67B00C42E11 /* Build configuration list for PBXNativeTarget "GitHubViewerTests" */;
			buildPhases = (
				DD85CBC61DADA67B00C42E11 /* Sources */,
				DD85CBC71DADA67B00C42E11 /* Frameworks */,
				DD85CBC81DADA67B00C42E11 /* Resources */,
			);
			buildRules = (
			);
			dependencies = (
				DD85CBCC1DADA67B00C42E11 /* PBXTargetDependency */,
			);
			name = GitHubViewerTests;
			productName = GitHubViewerTests;
			productReference = DD85CBCA1DADA67B00C42E11 /* GitHubViewerTests.xctest */;
			productType = "com.apple.product-type.bundle.unit-test";
		};
/* End PBXNativeTarget section */

/* Begin PBXProject section */
		DD85CBAE1DADA67B00C42E11 /* Project object */ = {
			isa = PBXProject;
			attributes = {
				LastSwiftUpdateCheck = 0800;
				LastUpgradeCheck = 0800;
				ORGANIZATIONNAME = "Rahman, Munaz";
				TargetAttributes = {
					DD85CBB51DADA67B00C42E11 = {
						CreatedOnToolsVersion = 8.0;
						ProvisioningStyle = Automatic;
					};
					DD85CBC91DADA67B00C42E11 = {
						CreatedOnToolsVersion = 8.0;
						ProvisioningStyle = Automatic;
						TestTargetID = DD85CBB51DADA67B00C42E11;
					};
				};
			};
			buildConfigurationList = DD85CBB11DADA67B00C42E11 /* Build configuration list for PBXProject "GitHubViewer" */;
			compatibilityVersion = "Xcode 3.2";
			developmentRegion = English;
			hasScannedForEncodings = 0;
			knownRegions = (
				en,
				Base,
			);
			mainGroup = DD85CBAD1DADA67B00C42E11;
			productRefGroup = DD85CBB71DADA67B00C42E11 /* Products */;
			projectDirPath = "";
			projectReferences = (
				{
					ProductGroup = DD87A6B91DBD81A50098F4F0 /* Products */;
					ProjectRef = DD87A6B81DBD81A50098F4F0 /* Alamofire.xcodeproj */;
				},
			);
			projectRoot = "";
			targets = (
				DD85CBB51DADA67B00C42E11 /* GitHubViewer */,
				DD85CBC91DADA67B00C42E11 /* GitHubViewerTests */,
			);
		};
/* End PBXProject section */

/* Begin PBXReferenceProxy section */
		DD87A6C41DBD81A50098F4F0 /* Alamofire.framework */ = {
			isa = PBXReferenceProxy;
			fileType = wrapper.framework;
			path = Alamofire.framework;
			remoteRef = DD87A6C31DBD81A50098F4F0 /* PBXContainerItemProxy */;
			sourceTree = BUILT_PRODUCTS_DIR;
		};
		DD87A6C61DBD81A50098F4F0 /* Alamofire iOS Tests.xctest */ = {
			isa = PBXReferenceProxy;
			fileType = wrapper.cfbundle;
			path = "Alamofire iOS Tests.xctest";
			remoteRef = DD87A6C51DBD81A50098F4F0 /* PBXContainerItemProxy */;
			sourceTree = BUILT_PRODUCTS_DIR;
		};
		DD87A6C81DBD81A50098F4F0 /* Alamofire.framework */ = {
			isa = PBXReferenceProxy;
			fileType = wrapper.framework;
			path = Alamofire.framework;
			remoteRef = DD87A6C71DBD81A50098F4F0 /* PBXContainerItemProxy */;
			sourceTree = BUILT_PRODUCTS_DIR;
		};
		DD87A6CA1DBD81A50098F4F0 /* Alamofire macOS Tests.xctest */ = {
			isa = PBXReferenceProxy;
			fileType = wrapper.cfbundle;
			path = "Alamofire macOS Tests.xctest";
			remoteRef = DD87A6C91DBD81A50098F4F0 /* PBXContainerItemProxy */;
			sourceTree = BUILT_PRODUCTS_DIR;
		};
		DD87A6CC1DBD81A50098F4F0 /* Alamofire.framework */ = {
			isa = PBXReferenceProxy;
			fileType = wrapper.framework;
			path = Alamofire.framework;
			remoteRef = DD87A6CB1DBD81A50098F4F0 /* PBXContainerItemProxy */;
			sourceTree = BUILT_PRODUCTS_DIR;
		};
		DD87A6CE1DBD81A50098F4F0 /* Alamofire tvOS Tests.xctest */ = {
			isa = PBXReferenceProxy;
			fileType = wrapper.cfbundle;
			path = "Alamofire tvOS Tests.xctest";
			remoteRef = DD87A6CD1DBD81A50098F4F0 /* PBXContainerItemProxy */;
			sourceTree = BUILT_PRODUCTS_DIR;
		};
		DD87A6D01DBD81A50098F4F0 /* Alamofire.framework */ = {
			isa = PBXReferenceProxy;
			fileType = wrapper.framework;
			path = Alamofire.framework;
			remoteRef = DD87A6CF1DBD81A50098F4F0 /* PBXContainerItemProxy */;
			sourceTree = BUILT_PRODUCTS_DIR;
		};
/* End PBXReferenceProxy section */

/* Begin PBXResourcesBuildPhase section */
		DD85CBB41DADA67B00C42E11 /* Resources */ = {
			isa = PBXResourcesBuildPhase;
			buildActionMask = 2147483647;
			files = (
				DD85CBC41DADA67B00C42E11 /* LaunchScreen.storyboard in Resources */,
				DD85CBC11DADA67B00C42E11 /* Assets.xcassets in Resources */,
				DD85CBBF1DADA67B00C42E11 /* Main.storyboard in Resources */,
			);
			runOnlyForDeploymentPostprocessing = 0;
		};
		DD85CBC81DADA67B00C42E11 /* Resources */ = {
			isa = PBXResourcesBuildPhase;
			buildActionMask = 2147483647;
			files = (
			);
			runOnlyForDeploymentPostprocessing = 0;
		};
/* End PBXResourcesBuildPhase section */

/* Begin PBXSourcesBuildPhase section */
		DD85CBB21DADA67B00C42E11 /* Sources */ = {
			isa = PBXSourcesBuildPhase;
			buildActionMask = 2147483647;
			files = (
				DD2FA70F1DBEE9F700C83E7B /* HttpStack.swift in Sources */,
				DD85CBBC1DADA67B00C42E11 /* ViewController.swift in Sources */,
				DD85CBDA1DADBAE400C42E11 /* UserViewController.swift in Sources */,
				DD2FA7121DBEECC400C83E7B /* User.swift in Sources */,
				DD85CBBA1DADA67B00C42E11 /* AppDelegate.swift in Sources */,
			);
			runOnlyForDeploymentPostprocessing = 0;
		};
		DD85CBC61DADA67B00C42E11 /* Sources */ = {
			isa = PBXSourcesBuildPhase;
			buildActionMask = 2147483647;
			files = (
				DD85CBCF1DADA67B00C42E11 /* GitHubViewerTests.swift in Sources */,
			);
			runOnlyForDeploymentPostprocessing = 0;
		};
/* End PBXSourcesBuildPhase section */

/* Begin PBXTargetDependency section */
		DD083B1F1DBD82B600962CC9 /* PBXTargetDependency */ = {
			isa = PBXTargetDependency;
			name = "Alamofire iOS";
			targetProxy = DD083B1E1DBD82B600962CC9 /* PBXContainerItemProxy */;
		};
		DD85CBCC1DADA67B00C42E11 /* PBXTargetDependency */ = {
			isa = PBXTargetDependency;
			target = DD85CBB51DADA67B00C42E11 /* GitHubViewer */;
			targetProxy = DD85CBCB1DADA67B00C42E11 /* PBXContainerItemProxy */;
		};
/* End PBXTargetDependency section */

/* Begin PBXVariantGroup section */
		DD85CBBD1DADA67B00C42E11 /* Main.storyboard */ = {
			isa = PBXVariantGroup;
			children = (
				DD85CBBE1DADA67B00C42E11 /* Base */,
			);
			name = Main.storyboard;
			sourceTree = "<group>";
		};
		DD85CBC21DADA67B00C42E11 /* LaunchScreen.storyboard */ = {
			isa = PBXVariantGroup;
			children = (
				DD85CBC31DADA67B00C42E11 /* Base */,
			);
			name = LaunchScreen.storyboard;
			sourceTree = "<group>";
		};
/* End PBXVariantGroup section */

/* Begin XCBuildConfiguration section */
		DD85CBD11DADA67B00C42E11 /* Debug */ = {
			isa = XCBuildConfiguration;
			buildSettings = {
				ALWAYS_SEARCH_USER_PATHS = NO;
				CLANG_ANALYZER_NONNULL = YES;
				CLANG_CXX_LANGUAGE_STANDARD = "gnu++0x";
				CLANG_CXX_LIBRARY = "libc++";
				CLANG_ENABLE_MODULES = YES;
				CLANG_ENABLE_OBJC_ARC = YES;
				CLANG_WARN_BOOL_CONVERSION = YES;
				CLANG_WARN_CONSTANT_CONVERSION = YES;
				CLANG_WARN_DIRECT_OBJC_ISA_USAGE = YES_ERROR;
				CLANG_WARN_DOCUMENTATION_COMMENTS = YES;
				CLANG_WARN_EMPTY_BODY = YES;
				CLANG_WARN_ENUM_CONVERSION = YES;
				CLANG_WARN_INFINITE_RECURSION = YES;
				CLANG_WARN_INT_CONVERSION = YES;
				CLANG_WARN_OBJC_ROOT_CLASS = YES_ERROR;
				CLANG_WARN_SUSPICIOUS_MOVES = YES;
				CLANG_WARN_UNREACHABLE_CODE = YES;
				CLANG_WARN__DUPLICATE_METHOD_MATCH = YES;
				"CODE_SIGN_IDENTITY[sdk=iphoneos*]" = "iPhone Developer";
				COPY_PHASE_STRIP = NO;
				DEBUG_INFORMATION_FORMAT = dwarf;
				ENABLE_STRICT_OBJC_MSGSEND = YES;
				ENABLE_TESTABILITY = YES;
				GCC_C_LANGUAGE_STANDARD = gnu99;
				GCC_DYNAMIC_NO_PIC = NO;
				GCC_NO_COMMON_BLOCKS = YES;
				GCC_OPTIMIZATION_LEVEL = 0;
				GCC_PREPROCESSOR_DEFINITIONS = (
					"DEBUG=1",
					"$(inherited)",
				);
				GCC_WARN_64_TO_32_BIT_CONVERSION = YES;
				GCC_WARN_ABOUT_RETURN_TYPE = YES_ERROR;
				GCC_WARN_UNDECLARED_SELECTOR = YES;
				GCC_WARN_UNINITIALIZED_AUTOS = YES_AGGRESSIVE;
				GCC_WARN_UNUSED_FUNCTION = YES;
				GCC_WARN_UNUSED_VARIABLE = YES;
				IPHONEOS_DEPLOYMENT_TARGET = 10.0;
				MTL_ENABLE_DEBUG_INFO = YES;
				ONLY_ACTIVE_ARCH = YES;
				SDKROOT = iphoneos;
				SWIFT_ACTIVE_COMPILATION_CONDITIONS = DEBUG;
				SWIFT_OPTIMIZATION_LEVEL = "-Onone";
				TARGETED_DEVICE_FAMILY = "1,2";
			};
			name = Debug;
		};
		DD85CBD21DADA67B00C42E11 /* Release */ = {
			isa = XCBuildConfiguration;
			buildSettings = {
				ALWAYS_SEARCH_USER_PATHS = NO;
				CLANG_ANALYZER_NONNULL = YES;
				CLANG_CXX_LANGUAGE_STANDARD = "gnu++0x";
				CLANG_CXX_LIBRARY = "libc++";
				CLANG_ENABLE_MODULES = YES;
				CLANG_ENABLE_OBJC_ARC = YES;
				CLANG_WARN_BOOL_CONVERSION = YES;
				CLANG_WARN_CONSTANT_CONVERSION = YES;
				CLANG_WARN_DIRECT_OBJC_ISA_USAGE = YES_ERROR;
				CLANG_WARN_DOCUMENTATION_COMMENTS = YES;
				CLANG_WARN_EMPTY_BODY = YES;
				CLANG_WARN_ENUM_CONVERSION = YES;
				CLANG_WARN_INFINITE_RECURSION = YES;
				CLANG_WARN_INT_CONVERSION = YES;
				CLANG_WARN_OBJC_ROOT_CLASS = YES_ERROR;
				CLANG_WARN_SUSPICIOUS_MOVES = YES;
				CLANG_WARN_UNREACHABLE_CODE = YES;
				CLANG_WARN__DUPLICATE_METHOD_MATCH = YES;
				"CODE_SIGN_IDENTITY[sdk=iphoneos*]" = "iPhone Developer";
				COPY_PHASE_STRIP = NO;
				DEBUG_INFORMATION_FORMAT = "dwarf-with-dsym";
				ENABLE_NS_ASSERTIONS = NO;
				ENABLE_STRICT_OBJC_MSGSEND = YES;
				GCC_C_LANGUAGE_STANDARD = gnu99;
				GCC_NO_COMMON_BLOCKS = YES;
				GCC_WARN_64_TO_32_BIT_CONVERSION = YES;
				GCC_WARN_ABOUT_RETURN_TYPE = YES_ERROR;
				GCC_WARN_UNDECLARED_SELECTOR = YES;
				GCC_WARN_UNINITIALIZED_AUTOS = YES_AGGRESSIVE;
				GCC_WARN_UNUSED_FUNCTION = YES;
				GCC_WARN_UNUSED_VARIABLE = YES;
				IPHONEOS_DEPLOYMENT_TARGET = 10.0;
				MTL_ENABLE_DEBUG_INFO = NO;
				SDKROOT = iphoneos;
				SWIFT_OPTIMIZATION_LEVEL = "-Owholemodule";
				TARGETED_DEVICE_FAMILY = "1,2";
				VALIDATE_PRODUCT = YES;
			};
			name = Release;
		};
		DD85CBD41DADA67B00C42E11 /* Debug */ = {
			isa = XCBuildConfiguration;
			buildSettings = {
				ALWAYS_EMBED_SWIFT_STANDARD_LIBRARIES = YES;
				ASSETCATALOG_COMPILER_APPICON_NAME = AppIcon;
				INFOPLIST_FILE = GitHubViewer/Info.plist;
				LD_RUNPATH_SEARCH_PATHS = "$(inherited) @executable_path/Frameworks";
				PRODUCT_BUNDLE_IDENTIFIER = com.munazrahman.GitHubViewer;
				PRODUCT_NAME = "$(TARGET_NAME)";
				SWIFT_VERSION = 3.0;
			};
			name = Debug;
		};
		DD85CBD51DADA67B00C42E11 /* Release */ = {
			isa = XCBuildConfiguration;
			buildSettings = {
				ALWAYS_EMBED_SWIFT_STANDARD_LIBRARIES = YES;
				ASSETCATALOG_COMPILER_APPICON_NAME = AppIcon;
				INFOPLIST_FILE = GitHubViewer/Info.plist;
				LD_RUNPATH_SEARCH_PATHS = "$(inherited) @executable_path/Frameworks";
				PRODUCT_BUNDLE_IDENTIFIER = com.munazrahman.GitHubViewer;
				PRODUCT_NAME = "$(TARGET_NAME)";
				SWIFT_VERSION = 3.0;
			};
			name = Release;
		};
		DD85CBD71DADA67B00C42E11 /* Debug */ = {
			isa = XCBuildConfiguration;
			buildSettings = {
				ALWAYS_EMBED_SWIFT_STANDARD_LIBRARIES = YES;
				BUNDLE_LOADER = "$(TEST_HOST)";
				INFOPLIST_FILE = GitHubViewerTests/Info.plist;
				LD_RUNPATH_SEARCH_PATHS = "$(inherited) @executable_path/Frameworks @loader_path/Frameworks";
				PRODUCT_BUNDLE_IDENTIFIER = com.munazrahman.GitHubViewerTests;
				PRODUCT_NAME = "$(TARGET_NAME)";
				SWIFT_VERSION = 3.0;
				TEST_HOST = "$(BUILT_PRODUCTS_DIR)/GitHubViewer.app/GitHubViewer";
			};
			name = Debug;
		};
		DD85CBD81DADA67B00C42E11 /* Release */ = {
			isa = XCBuildConfiguration;
			buildSettings = {
				ALWAYS_EMBED_SWIFT_STANDARD_LIBRARIES = YES;
				BUNDLE_LOADER = "$(TEST_HOST)";
				INFOPLIST_FILE = GitHubViewerTests/Info.plist;
				LD_RUNPATH_SEARCH_PATHS = "$(inherited) @executable_path/Frameworks @loader_path/Frameworks";
				PRODUCT_BUNDLE_IDENTIFIER = com.munazrahman.GitHubViewerTests;
				PRODUCT_NAME = "$(TARGET_NAME)";
				SWIFT_VERSION = 3.0;
				TEST_HOST = "$(BUILT_PRODUCTS_DIR)/GitHubViewer.app/GitHubViewer";
			};
			name = Release;
		};
/* End XCBuildConfiguration section */

/* Begin XCConfigurationList section */
		DD85CBB11DADA67B00C42E11 /* Build configuration list for PBXProject "GitHubViewer" */ = {
			isa = XCConfigurationList;
			buildConfigurations = (
				DD85CBD11DADA67B00C42E11 /* Debug */,
				DD85CBD21DADA67B00C42E11 /* Release */,
			);
			defaultConfigurationIsVisible = 0;
			defaultConfigurationName = Release;
		};
		DD85CBD31DADA67B00C42E11 /* Build configuration list for PBXNativeTarget "GitHubViewer" */ = {
			isa = XCConfigurationList;
			buildConfigurations = (
				DD85CBD41DADA67B00C42E11 /* Debug */,
				DD85CBD51DADA67B00C42E11 /* Release */,
			);
			defaultConfigurationIsVisible = 0;
			defaultConfigurationName = Release;
		};
		DD85CBD61DADA67B00C42E11 /* Build configuration list for PBXNativeTarget "GitHubViewerTests" */ = {
			isa = XCConfigurationList;
			buildConfigurations = (
				DD85CBD71DADA67B00C42E11 /* Debug */,
				DD85CBD81DADA67B00C42E11 /* Release */,
			);
			defaultConfigurationIsVisible = 0;
			defaultConfigurationName = Release;
		};
/* End XCConfigurationList section */
	};
	rootObject = DD85CBAE1DADA67B00C42E11 /* Project object */;
}
